%{
  "bundlex": {:hex, :bundlex, "0.1.1", "1eb77e9faf3ee89708071deec2321a1595f353ceb775ae896b6a035377000a97", [:mix], [{:porcelain, "~> 2.0", [hex: :porcelain, repo: "hexpm", optional: false]}], "hexpm"},
  "membrane_caps_audio_mpeg": {:hex, :membrane_caps_audio_mpeg, "0.1.0", "e2b48d9ff852988e5be6254b9dd32d8f4695262b44160f6a796e847246a99828", [:mix], [], "hexpm"},
  "membrane_common_c": {:hex, :membrane_common_c, "0.1.0", "1ca2ca66b9244a8f08efa2d43ca56d149c91e63b198f386857ec1b25c91119ec", [:mix], [{:bundlex, "~> 0.1", [hex: :bundlex, repo: "hexpm", optional: false]}], "hexpm"},
  "membrane_core": {:git, "git@github.com:membraneframework/membrane-core.git", "00356f5ef71a07921e2e5b614071478c5d381bbd", []},
  "porcelain": {:hex, :porcelain, "2.0.3", "2d77b17d1f21fed875b8c5ecba72a01533db2013bd2e5e62c6d286c029150fdc", [:mix], [], "hexpm"},
  "qex": {:hex, :qex, "0.3.4", "92fba2ca8fa162d4619d572ec6d9124f47564a5c8dd1e252147c29d3435d2608", [:mix], [], "hexpm"},
}
