%{"bundlex": {:git, "git@github.com:radiokit/bundlex.git", "771f767e416ecdc74b17f9e7421ee6a0cb2c3c3f", []},
  "membrane_caps_audio_mpeg": {:git, "git@github.com:membraneframework/membrane-caps-audio-mpeg.git", "4f29dec1b3058cdf1d113484240569b64d4334b2", []},
  "membrane_common_c": {:git, "git@github.com:membraneframework/membrane-common-c.git", "d059c36fb87f0aca17beebd2ce83cf056aba94bb", []},
  "membrane_core": {:git, "git@github.com:membraneframework/membrane-core.git", "80ec0a624333fe249a87e87582f15bd1cb158b53", []},
  "porcelain": {:hex, :porcelain, "2.0.3", "2d77b17d1f21fed875b8c5ecba72a01533db2013bd2e5e62c6d286c029150fdc", [:mix], []}}
