%{
  "bunch": {:hex, :bunch, "0.1.2", "2389a4bcdb62382fbfeed9e19952cc22452dc0c01b4bcac941cce00ef212d7b4", [:mix], [], "hexpm"},
  "bunch_native": {:hex, :bunch_native, "0.1.1", "9895b2cf5e5c6847af5de80c8d485ea9c69021a21e74c7237ab64e7a225c06c2", [:mix], [{:bundlex, "~> 0.1", [hex: :bundlex, repo: "hexpm", optional: false]}], "hexpm"},
  "bundlex": {:hex, :bundlex, "0.1.4", "cb3f4dd402fc84f33e5c22fe84a0034c4669e27f305c38f712427eb01d480a63", [:mix], [{:bunch, "~> 0.1.2", [hex: :bunch, repo: "hexpm", optional: false]}], "hexpm"},
  "membrane_caps_audio_mpeg": {:hex, :membrane_caps_audio_mpeg, "0.2.0", "9cf9a63f03e25b31cf31445325aa68e60a07d36ee1e759caa1422fa45df49367", [:mix], [], "hexpm"},
  "membrane_common_c": {:hex, :membrane_common_c, "0.2.0", "6e6b04456fb6737d94ed15e55f363bf6c338b05936f1c49f3082a037b5ff4ce4", [:mix], [{:bundlex, "~> 0.1.3", [hex: :bundlex, repo: "hexpm", optional: false]}, {:membrane_core, "~> 0.2.0", [hex: :membrane_core, repo: "hexpm", optional: false]}, {:shmex, "~> 0.1.2", [hex: :shmex, repo: "hexpm", optional: false]}, {:unifex, "~> 0.1.0", [hex: :unifex, repo: "hexpm", optional: false]}], "hexpm"},
  "membrane_core": {:hex, :membrane_core, "0.2.0", "de05223ce50661518d47ac9bfb79854483490d8322876724c86cef3aa806b66c", [:mix], [{:bunch, "~> 0.1.2", [hex: :bunch, repo: "hexpm", optional: false]}, {:qex, "~> 0.3", [hex: :qex, repo: "hexpm", optional: false]}], "hexpm"},
  "porcelain": {:hex, :porcelain, "2.0.3", "2d77b17d1f21fed875b8c5ecba72a01533db2013bd2e5e62c6d286c029150fdc", [:mix], [], "hexpm"},
  "qex": {:hex, :qex, "0.5.0", "5a3a9becf67d4006377c4c247ffdaaa8ae5b3634a0caadb788dc24d6125068f4", [:mix], [], "hexpm"},
  "shmex": {:hex, :shmex, "0.1.3", "c74b0eea73f2546acdfa46f7cd248f585af4b82253e16824458a5e0ce2d02b8c", [:mix], [{:bunch, "~> 0.1.2", [hex: :bunch, repo: "hexpm", optional: false]}, {:bunch_native, "~> 0.1.1", [hex: :bunch_native, repo: "hexpm", optional: false]}, {:bundlex, "~> 0.1.3", [hex: :bundlex, repo: "hexpm", optional: false]}], "hexpm"},
  "unifex": {:git, "https://github.com/membraneframework/unifex.git", "6bcf6ca42657a60259b3148cebc52ba4e1e9a398", [branch: "feature/lifecycle-callbacks"]},
}
